// !$*UTF8*$!
{
	archiveVersion = 1;
	classes = {
	};
	objectVersion = 50;
	objects = {

/* Begin PBXBuildFile section */
		14F16D12215F543B000C0D2B /* AppDelegate.m in Sources */ = {isa = PBXBuildFile; fileRef = 14F16D11215F543B000C0D2B /* AppDelegate.m */; };
		14F16D15215F543B000C0D2B /* ViewController.m in Sources */ = {isa = PBXBuildFile; fileRef = 14F16D14215F543B000C0D2B /* ViewController.m */; };
		14F16D18215F543B000C0D2B /* Main.storyboard in Resources */ = {isa = PBXBuildFile; fileRef = 14F16D16215F543B000C0D2B /* Main.storyboard */; };
		14F16D1A215F543D000C0D2B /* Assets.xcassets in Resources */ = {isa = PBXBuildFile; fileRef = 14F16D19215F543D000C0D2B /* Assets.xcassets */; };
		14F16D1D215F543D000C0D2B /* LaunchScreen.storyboard in Resources */ = {isa = PBXBuildFile; fileRef = 14F16D1B215F543D000C0D2B /* LaunchScreen.storyboard */; };
		14F16D20215F543D000C0D2B /* main.m in Sources */ = {isa = PBXBuildFile; fileRef = 14F16D1F215F543D000C0D2B /* main.m */; };
/* End PBXBuildFile section */

/* Begin PBXFileReference section */
		14F16D0D215F543B000C0D2B /* ObjcEntryKitExample.app */ = {isa = PBXFileReference; explicitFileType = wrapper.application; includeInIndex = 0; path = ObjcEntryKitExample.app; sourceTree = BUILT_PRODUCTS_DIR; };
		14F16D10215F543B000C0D2B /* AppDelegate.h */ = {isa = PBXFileReference; lastKnownFileType = sourcecode.c.h; path = AppDelegate.h; sourceTree = "<group>"; };
		14F16D11215F543B000C0D2B /* AppDelegate.m */ = {isa = PBXFileReference; lastKnownFileType = sourcecode.c.objc; path = AppDelegate.m; sourceTree = "<group>"; };
		14F16D13215F543B000C0D2B /* ViewController.h */ = {isa = PBXFileReference; lastKnownFileType = sourcecode.c.h; path = ViewController.h; sourceTree = "<group>"; };
		14F16D14215F543B000C0D2B /* ViewController.m */ = {isa = PBXFileReference; lastKnownFileType = sourcecode.c.objc; path = ViewController.m; sourceTree = "<group>"; };
		14F16D17215F543B000C0D2B /* Base */ = {isa = PBXFileReference; lastKnownFileType = file.storyboard; name = Base; path = Base.lproj/Main.storyboard; sourceTree = "<group>"; };
		14F16D19215F543D000C0D2B /* Assets.xcassets */ = {isa = PBXFileReference; lastKnownFileType = folder.assetcatalog; path = Assets.xcassets; sourceTree = "<group>"; };
		14F16D1C215F543D000C0D2B /* Base */ = {isa = PBXFileReference; lastKnownFileType = file.storyboard; name = Base; path = Base.lproj/LaunchScreen.storyboard; sourceTree = "<group>"; };
		14F16D1E215F543D000C0D2B /* Info.plist */ = {isa = PBXFileReference; lastKnownFileType = text.plist.xml; path = Info.plist; sourceTree = "<group>"; };
		14F16D1F215F543D000C0D2B /* main.m */ = {isa = PBXFileReference; lastKnownFileType = sourcecode.c.objc; path = main.m; sourceTree = "<group>"; };
/* End PBXFileReference section */

/* Begin PBXFrameworksBuildPhase section */
		14F16D0A215F543A000C0D2B /* Frameworks */ = {
			isa = PBXFrameworksBuildPhase;
			buildActionMask = 2147483647;
			files = (
			);
			runOnlyForDeploymentPostprocessing = 0;
		};
/* End PBXFrameworksBuildPhase section */

/* Begin PBXGroup section */
		14F16D04215F543A000C0D2B = {
			isa = PBXGroup;
			children = (
				14F16D0F215F543B000C0D2B /* ObjcEntryKitExample */,
				14F16D0E215F543B000C0D2B /* Products */,
			);
			sourceTree = "<group>";
		};
		14F16D0E215F543B000C0D2B /* Products */ = {
			isa = PBXGroup;
			children = (
				14F16D0D215F543B000C0D2B /* ObjcEntryKitExample.app */,
			);
			name = Products;
			sourceTree = "<group>";
		};
		14F16D0F215F543B000C0D2B /* ObjcEntryKitExample */ = {
			isa = PBXGroup;
			children = (
				14F16D10215F543B000C0D2B /* AppDelegate.h */,
				14F16D11215F543B000C0D2B /* AppDelegate.m */,
				14F16D13215F543B000C0D2B /* ViewController.h */,
				14F16D14215F543B000C0D2B /* ViewController.m */,
				14F16D16215F543B000C0D2B /* Main.storyboard */,
				14F16D19215F543D000C0D2B /* Assets.xcassets */,
				14F16D1B215F543D000C0D2B /* LaunchScreen.storyboard */,
				14F16D1E215F543D000C0D2B /* Info.plist */,
				14F16D1F215F543D000C0D2B /* main.m */,
			);
			path = ObjcEntryKitExample;
			sourceTree = "<group>";
		};
/* End PBXGroup section */

/* Begin PBXNativeTarget section */
		14F16D0C215F543A000C0D2B /* ObjcEntryKitExample */ = {
			isa = PBXNativeTarget;
			buildConfigurationList = 14F16D23215F543D000C0D2B /* Build configuration list for PBXNativeTarget "ObjcEntryKitExample" */;
			buildPhases = (
				14F16D09215F543A000C0D2B /* Sources */,
				14F16D0A215F543A000C0D2B /* Frameworks */,
				14F16D0B215F543A000C0D2B /* Resources */,
			);
			buildRules = (
			);
			dependencies = (
			);
			name = ObjcEntryKitExample;
			productName = ObjcEntryKitExample;
			productReference = 14F16D0D215F543B000C0D2B /* ObjcEntryKitExample.app */;
			productType = "com.apple.product-type.application";
		};
/* End PBXNativeTarget section */

/* Begin PBXProject section */
		14F16D05215F543A000C0D2B /* Project object */ = {
			isa = PBXProject;
			attributes = {
				LastUpgradeCheck = 0940;
				ORGANIZATIONNAME = huri;
				TargetAttributes = {
					14F16D0C215F543A000C0D2B = {
						CreatedOnToolsVersion = 9.4.1;
					};
				};
			};
			buildConfigurationList = 14F16D08215F543A000C0D2B /* Build configuration list for PBXProject "ObjcEntryKitExample" */;
			compatibilityVersion = "Xcode 9.3";
			developmentRegion = en;
			hasScannedForEncodings = 0;
			knownRegions = (
				en,
				Base,
			);
			mainGroup = 14F16D04215F543A000C0D2B;
			productRefGroup = 14F16D0E215F543B000C0D2B /* Products */;
			projectDirPath = "";
			projectRoot = "";
			targets = (
				14F16D0C215F543A000C0D2B /* ObjcEntryKitExample */,
			);
		};
/* End PBXProject section */

/* Begin PBXResourcesBuildPhase section */
		14F16D0B215F543A000C0D2B /* Resources */ = {
			isa = PBXResourcesBuildPhase;
			buildActionMask = 2147483647;
			files = (
				14F16D1D215F543D000C0D2B /* LaunchScreen.storyboard in Resources */,
				14F16D1A215F543D000C0D2B /* Assets.xcassets in Resources */,
				14F16D18215F543B000C0D2B /* Main.storyboard in Resources */,
			);
			runOnlyForDeploymentPostprocessing = 0;
		};
/* End PBXResourcesBuildPhase section */

/* Begin PBXSourcesBuildPhase section */
		14F16D09215F543A000C0D2B /* Sources */ = {
			isa = PBXSourcesBuildPhase;
			buildActionMask = 2147483647;
			files = (
				14F16D15215F543B000C0D2B /* ViewController.m in Sources */,
				14F16D20215F543D000C0D2B /* main.m in Sources */,
				14F16D12215F543B000C0D2B /* AppDelegate.m in Sources */,
			);
			runOnlyForDeploymentPostprocessing = 0;
		};
/* End PBXSourcesBuildPhase section */

/* Begin PBXVariantGroup section */
		14F16D16215F543B000C0D2B /* Main.storyboard */ = {
			isa = PBXVariantGroup;
			children = (
				14F16D17215F543B000C0D2B /* Base */,
			);
			name = Main.storyboard;
			sourceTree = "<group>";
		};
		14F16D1B215F543D000C0D2B /* LaunchScreen.storyboard */ = {
			isa = PBXVariantGroup;
			children = (
				14F16D1C215F543D000C0D2B /* Base */,
			);
			name = LaunchScreen.storyboard;
			sourceTree = "<group>";
		};
/* End PBXVariantGroup section */

/* Begin XCBuildConfiguration section */
		14F16D21215F543D000C0D2B /* Debug */ = {
			isa = XCBuildConfiguration;
			buildSettings = {
				ALWAYS_SEARCH_USER_PATHS = NO;
				CLANG_ANALYZER_NONNULL = YES;
				CLANG_ANALYZER_NUMBER_OBJECT_CONVERSION = YES_AGGRESSIVE;
				CLANG_CXX_LANGUAGE_STANDARD = "gnu++14";
				CLANG_CXX_LIBRARY = "libc++";
				CLANG_ENABLE_MODULES = YES;
				CLANG_ENABLE_OBJC_ARC = YES;
				CLANG_ENABLE_OBJC_WEAK = YES;
				CLANG_WARN_BLOCK_CAPTURE_AUTORELEASING = YES;
				CLANG_WARN_BOOL_CONVERSION = YES;
				CLANG_WARN_COMMA = YES;
				CLANG_WARN_CONSTANT_CONVERSION = YES;
				CLANG_WARN_DEPRECATED_OBJC_IMPLEMENTATIONS = YES;
				CLANG_WARN_DIRECT_OBJC_ISA_USAGE = YES_ERROR;
				CLANG_WARN_DOCUMENTATION_COMMENTS = YES;
				CLANG_WARN_EMPTY_BODY = YES;
				CLANG_WARN_ENUM_CONVERSION = YES;
				CLANG_WARN_INFINITE_RECURSION = YES;
				CLANG_WARN_INT_CONVERSION = YES;
				CLANG_WARN_NON_LITERAL_NULL_CONVERSION = YES;
				CLANG_WARN_OBJC_IMPLICIT_RETAIN_SELF = YES;
				CLANG_WARN_OBJC_LITERAL_CONVERSION = YES;
				CLANG_WARN_OBJC_ROOT_CLASS = YES_ERROR;
				CLANG_WARN_RANGE_LOOP_ANALYSIS = YES;
				CLANG_WARN_STRICT_PROTOTYPES = YES;
				CLANG_WARN_SUSPICIOUS_MOVE = YES;
				CLANG_WARN_UNGUARDED_AVAILABILITY = YES_AGGRESSIVE;
				CLANG_WARN_UNREACHABLE_CODE = YES;
				CLANG_WARN__DUPLICATE_METHOD_MATCH = YES;
				CODE_SIGN_IDENTITY = "iPhone Developer";
				COPY_PHASE_STRIP = NO;
				DEBUG_INFORMATION_FORMAT = dwarf;
				ENABLE_STRICT_OBJC_MSGSEND = YES;
				ENABLE_TESTABILITY = YES;
				GCC_C_LANGUAGE_STANDARD = gnu11;
				GCC_DYNAMIC_NO_PIC = NO;
				GCC_NO_COMMON_BLOCKS = YES;
				GCC_OPTIMIZATION_LEVEL = 0;
				GCC_PREPROCESSOR_DEFINITIONS = (
					"DEBUG=1",
					"$(inherited)",
				);
				GCC_WARN_64_TO_32_BIT_CONVERSION = YES;
				GCC_WARN_ABOUT_RETURN_TYPE = YES_ERROR;
				GCC_WARN_UNDECLARED_SELECTOR = YES;
				GCC_WARN_UNINITIALIZED_AUTOS = YES_AGGRESSIVE;
				GCC_WARN_UNUSED_FUNCTION = YES;
				GCC_WARN_UNUSED_VARIABLE = YES;
				IPHONEOS_DEPLOYMENT_TARGET = 11.4;
				MTL_ENABLE_DEBUG_INFO = YES;
				ONLY_ACTIVE_ARCH = YES;
				SDKROOT = iphoneos;
			};
			name = Debug;
		};
		14F16D22215F543D000C0D2B /* Release */ = {
			isa = XCBuildConfiguration;
			buildSettings = {
				ALWAYS_SEARCH_USER_PATHS = NO;
				CLANG_ANALYZER_NONNULL = YES;
				CLANG_ANALYZER_NUMBER_OBJECT_CONVERSION = YES_AGGRESSIVE;
				CLANG_CXX_LANGUAGE_STANDARD = "gnu++14";
				CLANG_CXX_LIBRARY = "libc++";
				CLANG_ENABLE_MODULES = YES;
				CLANG_ENABLE_OBJC_ARC = YES;
				CLANG_ENABLE_OBJC_WEAK = YES;
				CLANG_WARN_BLOCK_CAPTURE_AUTORELEASING = YES;
				CLANG_WARN_BOOL_CONVERSION = YES;
				CLANG_WARN_COMMA = YES;
				CLANG_WARN_CONSTANT_CONVERSION = YES;
				CLANG_WARN_DEPRECATED_OBJC_IMPLEMENTATIONS = YES;
				CLANG_WARN_DIRECT_OBJC_ISA_USAGE = YES_ERROR;
				CLANG_WARN_DOCUMENTATION_COMMENTS = YES;
				CLANG_WARN_EMPTY_BODY = YES;
				CLANG_WARN_ENUM_CONVERSION = YES;
				CLANG_WARN_INFINITE_RECURSION = YES;
				CLANG_WARN_INT_CONVERSION = YES;
				CLANG_WARN_NON_LITERAL_NULL_CONVERSION = YES;
				CLANG_WARN_OBJC_IMPLICIT_RETAIN_SELF = YES;
				CLANG_WARN_OBJC_LITERAL_CONVERSION = YES;
				CLANG_WARN_OBJC_ROOT_CLASS = YES_ERROR;
				CLANG_WARN_RANGE_LOOP_ANALYSIS = YES;
				CLANG_WARN_STRICT_PROTOTYPES = YES;
				CLANG_WARN_SUSPICIOUS_MOVE = YES;
				CLANG_WARN_UNGUARDED_AVAILABILITY = YES_AGGRESSIVE;
				CLANG_WARN_UNREACHABLE_CODE = YES;
				CLANG_WARN__DUPLICATE_METHOD_MATCH = YES;
				CODE_SIGN_IDENTITY = "iPhone Developer";
				COPY_PHASE_STRIP = NO;
				DEBUG_INFORMATION_FORMAT = "dwarf-with-dsym";
				ENABLE_NS_ASSERTIONS = NO;
				ENABLE_STRICT_OBJC_MSGSEND = YES;
				GCC_C_LANGUAGE_STANDARD = gnu11;
				GCC_NO_COMMON_BLOCKS = YES;
				GCC_WARN_64_TO_32_BIT_CONVERSION = YES;
				GCC_WARN_ABOUT_RETURN_TYPE = YES_ERROR;
				GCC_WARN_UNDECLARED_SELECTOR = YES;
				GCC_WARN_UNINITIALIZED_AUTOS = YES_AGGRESSIVE;
				GCC_WARN_UNUSED_FUNCTION = YES;
				GCC_WARN_UNUSED_VARIABLE = YES;
				IPHONEOS_DEPLOYMENT_TARGET = 11.4;
				MTL_ENABLE_DEBUG_INFO = NO;
				SDKROOT = iphoneos;
				VALIDATE_PRODUCT = YES;
			};
			name = Release;
		};
		14F16D24215F543D000C0D2B /* Debug */ = {
			isa = XCBuildConfiguration;
			buildSettings = {
				ASSETCATALOG_COMPILER_APPICON_NAME = AppIcon;
				CODE_SIGN_STYLE = Automatic;
				DEVELOPMENT_TEAM = D2LR97ELBQ;
				INFOPLIST_FILE = ObjcEntryKitExample/Info.plist;
				LD_RUNPATH_SEARCH_PATHS = (
					"$(inherited)",
					"@executable_path/Frameworks",
				);
				PRODUCT_BUNDLE_IDENTIFIER = com.huri.ObjcEntryKitExample;
				PRODUCT_NAME = "$(TARGET_NAME)";
				TARGETED_DEVICE_FAMILY = "1,2";
			};
			name = Debug;
		};
		14F16D25215F543D000C0D2B /* Release */ = {
			isa = XCBuildConfiguration;
			buildSettings = {
				ASSETCATALOG_COMPILER_APPICON_NAME = AppIcon;
				CODE_SIGN_STYLE = Automatic;
				DEVELOPMENT_TEAM = D2LR97ELBQ;
				INFOPLIST_FILE = ObjcEntryKitExample/Info.plist;
				LD_RUNPATH_SEARCH_PATHS = (
					"$(inherited)",
					"@executable_path/Frameworks",
				);
				PRODUCT_BUNDLE_IDENTIFIER = com.huri.ObjcEntryKitExample;
				PRODUCT_NAME = "$(TARGET_NAME)";
				TARGETED_DEVICE_FAMILY = "1,2";
			};
			name = Release;
		};
/* End XCBuildConfiguration section */

/* Begin XCConfigurationList section */
		14F16D08215F543A000C0D2B /* Build configuration list for PBXProject "ObjcEntryKitExample" */ = {
			isa = XCConfigurationList;
			buildConfigurations = (
				14F16D21215F543D000C0D2B /* Debug */,
				14F16D22215F543D000C0D2B /* Release */,
			);
			defaultConfigurationIsVisible = 0;
			defaultConfigurationName = Release;
		};
		14F16D23215F543D000C0D2B /* Build configuration list for PBXNativeTarget "ObjcEntryKitExample" */ = {
			isa = XCConfigurationList;
			buildConfigurations = (
				14F16D24215F543D000C0D2B /* Debug */,
				14F16D25215F543D000C0D2B /* Release */,
			);
			defaultConfigurationIsVisible = 0;
			defaultConfigurationName = Release;
		};
/* End XCConfigurationList section */
	};
	rootObject = 14F16D05215F543A000C0D2B /* Project object */;
}
